
Microsoft Visual Studio Solution File, Format Version 12.00
# Visual Studio Version 17
VisualStudioVersion = 17.10.35027.167
MinimumVisualStudioVersion = 10.0.40219.1
Project("{9A19103F-16F7-4668-BE54-9A1E7A4F7556}") = "DndMapBlazor", "DndMapBlazor\DndMapBlazor.csproj", "{92E6F90F-EDD0-4A44-BF39-080ABEF21293}"
EndProject
Global
	GlobalSection(SolutionConfigurationPlatforms) = preSolution
		Debug|Any CPU = Debug|Any CPU
		Release|Any CPU = Release|Any CPU
	EndGlobalSection
	GlobalSection(ProjectConfigurationPlatforms) = postSolution
		{92E6F90F-EDD0-4A44-BF39-080ABEF21293}.Debug|Any CPU.ActiveCfg = Debug|Any CPU
		{92E6F90F-EDD0-4A44-BF39-080ABEF21293}.Debug|Any CPU.Build.0 = Debug|Any CPU
		{92E6F90F-EDD0-4A44-BF39-080ABEF21293}.Release|Any CPU.ActiveCfg = Release|Any CPU
		{92E6F90F-EDD0-4A44-BF39-080ABEF21293}.Release|Any CPU.Build.0 = Release|Any CPU
	EndGlobalSection
	GlobalSection(SolutionProperties) = preSolution
		HideSolutionNode = FALSE
	EndGlobalSection
	GlobalSection(ExtensibilityGlobals) = postSolution
		SolutionGuid = {1376F71E-B534-45AD-BF6B-6F3993545F05}
	EndGlobalSection
EndGlobal
